
Microsoft Visual Studio Solution File, Format Version 12.00
# Visual Studio Version 17
VisualStudioVersion = 17.1.32210.238
MinimumVisualStudioVersion = 10.0.40219.1
Project("{9A19103F-16F7-4668-BE54-9A1E7A4F7556}") = "TestEngineering", "TestEngineering\TestEngineering.csproj", "{AA768EF0-F992-4479-8321-279A1A0D4D08}"
EndProject
Project("{9A19103F-16F7-4668-BE54-9A1E7A4F7556}") = "TestEngineering.Tests", "TestEngineering.Tests\TestEngineering.Tests.csproj", "{E22E5D00-94EB-45E9-95D3-A5183314ABBD}"
EndProject
Global
	GlobalSection(SolutionConfigurationPlatforms) = preSolution
		Debug|Any CPU = Debug|Any CPU
		Release|Any CPU = Release|Any CPU
	EndGlobalSection
	GlobalSection(ProjectConfigurationPlatforms) = postSolution
		{AA768EF0-F992-4479-8321-279A1A0D4D08}.Debug|Any CPU.ActiveCfg = Debug|Any CPU
		{AA768EF0-F992-4479-8321-279A1A0D4D08}.Debug|Any CPU.Build.0 = Debug|Any CPU
		{AA768EF0-F992-4479-8321-279A1A0D4D08}.Release|Any CPU.ActiveCfg = Release|Any CPU
		{AA768EF0-F992-4479-8321-279A1A0D4D08}.Release|Any CPU.Build.0 = Release|Any CPU
		{E22E5D00-94EB-45E9-95D3-A5183314ABBD}.Debug|Any CPU.ActiveCfg = Debug|Any CPU
		{E22E5D00-94EB-45E9-95D3-A5183314ABBD}.Debug|Any CPU.Build.0 = Debug|Any CPU
		{E22E5D00-94EB-45E9-95D3-A5183314ABBD}.Release|Any CPU.ActiveCfg = Release|Any CPU
		{E22E5D00-94EB-45E9-95D3-A5183314ABBD}.Release|Any CPU.Build.0 = Release|Any CPU
	EndGlobalSection
	GlobalSection(SolutionProperties) = preSolution
		HideSolutionNode = FALSE
	EndGlobalSection
	GlobalSection(ExtensibilityGlobals) = postSolution
		SolutionGuid = {CBE6FD67-D179-4412-942D-641FACBF1DD9}
	EndGlobalSection
EndGlobal
